// !$*UTF8*$!
{
	archiveVersion = 1;
	classes = {
	};
	objectVersion = 50;
	objects = {

/* Begin PBXBuildFile section */
		E343840324CD276C0000628E /* AppDelegate.swift in Sources */ = {isa = PBXBuildFile; fileRef = E343840224CD276C0000628E /* AppDelegate.swift */; };
		E343840524CD276C0000628E /* SceneDelegate.swift in Sources */ = {isa = PBXBuildFile; fileRef = E343840424CD276C0000628E /* SceneDelegate.swift */; };
		E343840724CD276C0000628E /* ContentView.swift in Sources */ = {isa = PBXBuildFile; fileRef = E343840624CD276C0000628E /* ContentView.swift */; };
		E343840924CD27700000628E /* Assets.xcassets in Resources */ = {isa = PBXBuildFile; fileRef = E343840824CD27700000628E /* Assets.xcassets */; };
		E343840C24CD27700000628E /* Preview Assets.xcassets in Resources */ = {isa = PBXBuildFile; fileRef = E343840B24CD27700000628E /* Preview Assets.xcassets */; };
		E343840F24CD27700000628E /* LaunchScreen.storyboard in Resources */ = {isa = PBXBuildFile; fileRef = E343840D24CD27700000628E /* LaunchScreen.storyboard */; };
		E343841A24CD27700000628E /* DesignCodeTests.swift in Sources */ = {isa = PBXBuildFile; fileRef = E343841924CD27700000628E /* DesignCodeTests.swift */; };
		E343842524CD27700000628E /* DesignCodeUITests.swift in Sources */ = {isa = PBXBuildFile; fileRef = E343842424CD27700000628E /* DesignCodeUITests.swift */; };
		E343843324CD279B0000628E /* Buttons.swift in Sources */ = {isa = PBXBuildFile; fileRef = E343843224CD279B0000628E /* Buttons.swift */; };
/* End PBXBuildFile section */

/* Begin PBXContainerItemProxy section */
		E343841624CD27700000628E /* PBXContainerItemProxy */ = {
			isa = PBXContainerItemProxy;
			containerPortal = E34383F724CD276C0000628E /* Project object */;
			proxyType = 1;
			remoteGlobalIDString = E34383FE24CD276C0000628E;
			remoteInfo = DesignCode;
		};
		E343842124CD27700000628E /* PBXContainerItemProxy */ = {
			isa = PBXContainerItemProxy;
			containerPortal = E34383F724CD276C0000628E /* Project object */;
			proxyType = 1;
			remoteGlobalIDString = E34383FE24CD276C0000628E;
			remoteInfo = DesignCode;
		};
/* End PBXContainerItemProxy section */

/* Begin PBXFileReference section */
		E34383FF24CD276C0000628E /* DesignCode.app */ = {isa = PBXFileReference; explicitFileType = wrapper.application; includeInIndex = 0; path = DesignCode.app; sourceTree = BUILT_PRODUCTS_DIR; };
		E343840224CD276C0000628E /* AppDelegate.swift */ = {isa = PBXFileReference; lastKnownFileType = sourcecode.swift; path = AppDelegate.swift; sourceTree = "<group>"; };
		E343840424CD276C0000628E /* SceneDelegate.swift */ = {isa = PBXFileReference; lastKnownFileType = sourcecode.swift; path = SceneDelegate.swift; sourceTree = "<group>"; };
		E343840624CD276C0000628E /* ContentView.swift */ = {isa = PBXFileReference; lastKnownFileType = sourcecode.swift; path = ContentView.swift; sourceTree = "<group>"; };
		E343840824CD27700000628E /* Assets.xcassets */ = {isa = PBXFileReference; lastKnownFileType = folder.assetcatalog; path = Assets.xcassets; sourceTree = "<group>"; };
		E343840B24CD27700000628E /* Preview Assets.xcassets */ = {isa = PBXFileReference; lastKnownFileType = folder.assetcatalog; path = "Preview Assets.xcassets"; sourceTree = "<group>"; };
		E343840E24CD27700000628E /* Base */ = {isa = PBXFileReference; lastKnownFileType = file.storyboard; name = Base; path = Base.lproj/LaunchScreen.storyboard; sourceTree = "<group>"; };
		E343841024CD27700000628E /* Info.plist */ = {isa = PBXFileReference; lastKnownFileType = text.plist.xml; path = Info.plist; sourceTree = "<group>"; };
		E343841524CD27700000628E /* DesignCodeTests.xctest */ = {isa = PBXFileReference; explicitFileType = wrapper.cfbundle; includeInIndex = 0; path = DesignCodeTests.xctest; sourceTree = BUILT_PRODUCTS_DIR; };
		E343841924CD27700000628E /* DesignCodeTests.swift */ = {isa = PBXFileReference; lastKnownFileType = sourcecode.swift; path = DesignCodeTests.swift; sourceTree = "<group>"; };
		E343841B24CD27700000628E /* Info.plist */ = {isa = PBXFileReference; lastKnownFileType = text.plist.xml; path = Info.plist; sourceTree = "<group>"; };
		E343842024CD27700000628E /* DesignCodeUITests.xctest */ = {isa = PBXFileReference; explicitFileType = wrapper.cfbundle; includeInIndex = 0; path = DesignCodeUITests.xctest; sourceTree = BUILT_PRODUCTS_DIR; };
		E343842424CD27700000628E /* DesignCodeUITests.swift */ = {isa = PBXFileReference; lastKnownFileType = sourcecode.swift; path = DesignCodeUITests.swift; sourceTree = "<group>"; };
		E343842624CD27700000628E /* Info.plist */ = {isa = PBXFileReference; lastKnownFileType = text.plist.xml; path = Info.plist; sourceTree = "<group>"; };
		E343843224CD279B0000628E /* Buttons.swift */ = {isa = PBXFileReference; lastKnownFileType = sourcecode.swift; path = Buttons.swift; sourceTree = "<group>"; };
/* End PBXFileReference section */

/* Begin PBXFrameworksBuildPhase section */
		E34383FC24CD276C0000628E /* Frameworks */ = {
			isa = PBXFrameworksBuildPhase;
			buildActionMask = 2147483647;
			files = (
			);
			runOnlyForDeploymentPostprocessing = 0;
		};
		E343841224CD27700000628E /* Frameworks */ = {
			isa = PBXFrameworksBuildPhase;
			buildActionMask = 2147483647;
			files = (
			);
			runOnlyForDeploymentPostprocessing = 0;
		};
		E343841D24CD27700000628E /* Frameworks */ = {
			isa = PBXFrameworksBuildPhase;
			buildActionMask = 2147483647;
			files = (
			);
			runOnlyForDeploymentPostprocessing = 0;
		};
/* End PBXFrameworksBuildPhase section */

/* Begin PBXGroup section */
		E34383F624CD276C0000628E = {
			isa = PBXGroup;
			children = (
				E343840124CD276C0000628E /* DesignCode */,
				E343841824CD27700000628E /* DesignCodeTests */,
				E343842324CD27700000628E /* DesignCodeUITests */,
				E343840024CD276C0000628E /* Products */,
			);
			sourceTree = "<group>";
		};
		E343840024CD276C0000628E /* Products */ = {
			isa = PBXGroup;
			children = (
				E34383FF24CD276C0000628E /* DesignCode.app */,
				E343841524CD27700000628E /* DesignCodeTests.xctest */,
				E343842024CD27700000628E /* DesignCodeUITests.xctest */,
			);
			name = Products;
			sourceTree = "<group>";
		};
		E343840124CD276C0000628E /* DesignCode */ = {
			isa = PBXGroup;
			children = (
				E343840224CD276C0000628E /* AppDelegate.swift */,
				E343840424CD276C0000628E /* SceneDelegate.swift */,
				E343840624CD276C0000628E /* ContentView.swift */,
				E343840824CD27700000628E /* Assets.xcassets */,
				E343840D24CD27700000628E /* LaunchScreen.storyboard */,
				E343841024CD27700000628E /* Info.plist */,
				E343840A24CD27700000628E /* Preview Content */,
				E343843224CD279B0000628E /* Buttons.swift */,
			);
			path = DesignCode;
			sourceTree = "<group>";
		};
		E343840A24CD27700000628E /* Preview Content */ = {
			isa = PBXGroup;
			children = (
				E343840B24CD27700000628E /* Preview Assets.xcassets */,
			);
			path = "Preview Content";
			sourceTree = "<group>";
		};
		E343841824CD27700000628E /* DesignCodeTests */ = {
			isa = PBXGroup;
			children = (
				E343841924CD27700000628E /* DesignCodeTests.swift */,
				E343841B24CD27700000628E /* Info.plist */,
			);
			path = DesignCodeTests;
			sourceTree = "<group>";
		};
		E343842324CD27700000628E /* DesignCodeUITests */ = {
			isa = PBXGroup;
			children = (
				E343842424CD27700000628E /* DesignCodeUITests.swift */,
				E343842624CD27700000628E /* Info.plist */,
			);
			path = DesignCodeUITests;
			sourceTree = "<group>";
		};
/* End PBXGroup section */

/* Begin PBXNativeTarget section */
		E34383FE24CD276C0000628E /* DesignCode */ = {
			isa = PBXNativeTarget;
			buildConfigurationList = E343842924CD27700000628E /* Build configuration list for PBXNativeTarget "DesignCode" */;
			buildPhases = (
				E34383FB24CD276C0000628E /* Sources */,
				E34383FC24CD276C0000628E /* Frameworks */,
				E34383FD24CD276C0000628E /* Resources */,
			);
			buildRules = (
			);
			dependencies = (
			);
			name = DesignCode;
			productName = DesignCode;
			productReference = E34383FF24CD276C0000628E /* DesignCode.app */;
			productType = "com.apple.product-type.application";
		};
		E343841424CD27700000628E /* DesignCodeTests */ = {
			isa = PBXNativeTarget;
			buildConfigurationList = E343842C24CD27700000628E /* Build configuration list for PBXNativeTarget "DesignCodeTests" */;
			buildPhases = (
				E343841124CD27700000628E /* Sources */,
				E343841224CD27700000628E /* Frameworks */,
				E343841324CD27700000628E /* Resources */,
			);
			buildRules = (
			);
			dependencies = (
				E343841724CD27700000628E /* PBXTargetDependency */,
			);
			name = DesignCodeTests;
			productName = DesignCodeTests;
			productReference = E343841524CD27700000628E /* DesignCodeTests.xctest */;
			productType = "com.apple.product-type.bundle.unit-test";
		};
		E343841F24CD27700000628E /* DesignCodeUITests */ = {
			isa = PBXNativeTarget;
			buildConfigurationList = E343842F24CD27700000628E /* Build configuration list for PBXNativeTarget "DesignCodeUITests" */;
			buildPhases = (
				E343841C24CD27700000628E /* Sources */,
				E343841D24CD27700000628E /* Frameworks */,
				E343841E24CD27700000628E /* Resources */,
			);
			buildRules = (
			);
			dependencies = (
				E343842224CD27700000628E /* PBXTargetDependency */,
			);
			name = DesignCodeUITests;
			productName = DesignCodeUITests;
			productReference = E343842024CD27700000628E /* DesignCodeUITests.xctest */;
			productType = "com.apple.product-type.bundle.ui-testing";
		};
/* End PBXNativeTarget section */

/* Begin PBXProject section */
		E34383F724CD276C0000628E /* Project object */ = {
			isa = PBXProject;
			attributes = {
				LastSwiftUpdateCheck = 1150;
				LastUpgradeCheck = 1150;
				ORGANIZATIONNAME = litingdong;
				TargetAttributes = {
					E34383FE24CD276C0000628E = {
						CreatedOnToolsVersion = 11.5;
					};
					E343841424CD27700000628E = {
						CreatedOnToolsVersion = 11.5;
						TestTargetID = E34383FE24CD276C0000628E;
					};
					E343841F24CD27700000628E = {
						CreatedOnToolsVersion = 11.5;
						TestTargetID = E34383FE24CD276C0000628E;
					};
				};
			};
			buildConfigurationList = E34383FA24CD276C0000628E /* Build configuration list for PBXProject "DesignCode" */;
			compatibilityVersion = "Xcode 9.3";
			developmentRegion = en;
			hasScannedForEncodings = 0;
			knownRegions = (
				en,
				Base,
			);
			mainGroup = E34383F624CD276C0000628E;
			productRefGroup = E343840024CD276C0000628E /* Products */;
			projectDirPath = "";
			projectRoot = "";
			targets = (
				E34383FE24CD276C0000628E /* DesignCode */,
				E343841424CD27700000628E /* DesignCodeTests */,
				E343841F24CD27700000628E /* DesignCodeUITests */,
			);
		};
/* End PBXProject section */

/* Begin PBXResourcesBuildPhase section */
		E34383FD24CD276C0000628E /* Resources */ = {
			isa = PBXResourcesBuildPhase;
			buildActionMask = 2147483647;
			files = (
				E343840F24CD27700000628E /* LaunchScreen.storyboard in Resources */,
				E343840C24CD27700000628E /* Preview Assets.xcassets in Resources */,
				E343840924CD27700000628E /* Assets.xcassets in Resources */,
			);
			runOnlyForDeploymentPostprocessing = 0;
		};
		E343841324CD27700000628E /* Resources */ = {
			isa = PBXResourcesBuildPhase;
			buildActionMask = 2147483647;
			files = (
			);
			runOnlyForDeploymentPostprocessing = 0;
		};
		E343841E24CD27700000628E /* Resources */ = {
			isa = PBXResourcesBuildPhase;
			buildActionMask = 2147483647;
			files = (
			);
			runOnlyForDeploymentPostprocessing = 0;
		};
/* End PBXResourcesBuildPhase section */

/* Begin PBXSourcesBuildPhase section */
		E34383FB24CD276C0000628E /* Sources */ = {
			isa = PBXSourcesBuildPhase;
			buildActionMask = 2147483647;
			files = (
				E343840324CD276C0000628E /* AppDelegate.swift in Sources */,
				E343840524CD276C0000628E /* SceneDelegate.swift in Sources */,
				E343840724CD276C0000628E /* ContentView.swift in Sources */,
				E343843324CD279B0000628E /* Buttons.swift in Sources */,
			);
			runOnlyForDeploymentPostprocessing = 0;
		};
		E343841124CD27700000628E /* Sources */ = {
			isa = PBXSourcesBuildPhase;
			buildActionMask = 2147483647;
			files = (
				E343841A24CD27700000628E /* DesignCodeTests.swift in Sources */,
			);
			runOnlyForDeploymentPostprocessing = 0;
		};
		E343841C24CD27700000628E /* Sources */ = {
			isa = PBXSourcesBuildPhase;
			buildActionMask = 2147483647;
			files = (
				E343842524CD27700000628E /* DesignCodeUITests.swift in Sources */,
			);
			runOnlyForDeploymentPostprocessing = 0;
		};
/* End PBXSourcesBuildPhase section */

/* Begin PBXTargetDependency section */
		E343841724CD27700000628E /* PBXTargetDependency */ = {
			isa = PBXTargetDependency;
			target = E34383FE24CD276C0000628E /* DesignCode */;
			targetProxy = E343841624CD27700000628E /* PBXContainerItemProxy */;
		};
		E343842224CD27700000628E /* PBXTargetDependency */ = {
			isa = PBXTargetDependency;
			target = E34383FE24CD276C0000628E /* DesignCode */;
			targetProxy = E343842124CD27700000628E /* PBXContainerItemProxy */;
		};
/* End PBXTargetDependency section */

/* Begin PBXVariantGroup section */
		E343840D24CD27700000628E /* LaunchScreen.storyboard */ = {
			isa = PBXVariantGroup;
			children = (
				E343840E24CD27700000628E /* Base */,
			);
			name = LaunchScreen.storyboard;
			sourceTree = "<group>";
		};
/* End PBXVariantGroup section */

/* Begin XCBuildConfiguration section */
		E343842724CD27700000628E /* Debug */ = {
			isa = XCBuildConfiguration;
			buildSettings = {
				ALWAYS_SEARCH_USER_PATHS = NO;
				CLANG_ANALYZER_NONNULL = YES;
				CLANG_ANALYZER_NUMBER_OBJECT_CONVERSION = YES_AGGRESSIVE;
				CLANG_CXX_LANGUAGE_STANDARD = "gnu++14";
				CLANG_CXX_LIBRARY = "libc++";
				CLANG_ENABLE_MODULES = YES;
				CLANG_ENABLE_OBJC_ARC = YES;
				CLANG_ENABLE_OBJC_WEAK = YES;
				CLANG_WARN_BLOCK_CAPTURE_AUTORELEASING = YES;
				CLANG_WARN_BOOL_CONVERSION = YES;
				CLANG_WARN_COMMA = YES;
				CLANG_WARN_CONSTANT_CONVERSION = YES;
				CLANG_WARN_DEPRECATED_OBJC_IMPLEMENTATIONS = YES;
				CLANG_WARN_DIRECT_OBJC_ISA_USAGE = YES_ERROR;
				CLANG_WARN_DOCUMENTATION_COMMENTS = YES;
				CLANG_WARN_EMPTY_BODY = YES;
				CLANG_WARN_ENUM_CONVERSION = YES;
				CLANG_WARN_INFINITE_RECURSION = YES;
				CLANG_WARN_INT_CONVERSION = YES;
				CLANG_WARN_NON_LITERAL_NULL_CONVERSION = YES;
				CLANG_WARN_OBJC_IMPLICIT_RETAIN_SELF = YES;
				CLANG_WARN_OBJC_LITERAL_CONVERSION = YES;
				CLANG_WARN_OBJC_ROOT_CLASS = YES_ERROR;
				CLANG_WARN_RANGE_LOOP_ANALYSIS = YES;
				CLANG_WARN_STRICT_PROTOTYPES = YES;
				CLANG_WARN_SUSPICIOUS_MOVE = YES;
				CLANG_WARN_UNGUARDED_AVAILABILITY = YES_AGGRESSIVE;
				CLANG_WARN_UNREACHABLE_CODE = YES;
				CLANG_WARN__DUPLICATE_METHOD_MATCH = YES;
				COPY_PHASE_STRIP = NO;
				DEBUG_INFORMATION_FORMAT = dwarf;
				ENABLE_STRICT_OBJC_MSGSEND = YES;
				ENABLE_TESTABILITY = YES;
				GCC_C_LANGUAGE_STANDARD = gnu11;
				GCC_DYNAMIC_NO_PIC = NO;
				GCC_NO_COMMON_BLOCKS = YES;
				GCC_OPTIMIZATION_LEVEL = 0;
				GCC_PREPROCESSOR_DEFINITIONS = (
					"DEBUG=1",
					"$(inherited)",
				);
				GCC_WARN_64_TO_32_BIT_CONVERSION = YES;
				GCC_WARN_ABOUT_RETURN_TYPE = YES_ERROR;
				GCC_WARN_UNDECLARED_SELECTOR = YES;
				GCC_WARN_UNINITIALIZED_AUTOS = YES_AGGRESSIVE;
				GCC_WARN_UNUSED_FUNCTION = YES;
				GCC_WARN_UNUSED_VARIABLE = YES;
				IPHONEOS_DEPLOYMENT_TARGET = 13.5;
				MTL_ENABLE_DEBUG_INFO = INCLUDE_SOURCE;
				MTL_FAST_MATH = YES;
				ONLY_ACTIVE_ARCH = YES;
				SDKROOT = iphoneos;
				SWIFT_ACTIVE_COMPILATION_CONDITIONS = DEBUG;
				SWIFT_OPTIMIZATION_LEVEL = "-Onone";
			};
			name = Debug;
		};
		E343842824CD27700000628E /* Release */ = {
			isa = XCBuildConfiguration;
			buildSettings = {
				ALWAYS_SEARCH_USER_PATHS = NO;
				CLANG_ANALYZER_NONNULL = YES;
				CLANG_ANALYZER_NUMBER_OBJECT_CONVERSION = YES_AGGRESSIVE;
				CLANG_CXX_LANGUAGE_STANDARD = "gnu++14";
				CLANG_CXX_LIBRARY = "libc++";
				CLANG_ENABLE_MODULES = YES;
				CLANG_ENABLE_OBJC_ARC = YES;
				CLANG_ENABLE_OBJC_WEAK = YES;
				CLANG_WARN_BLOCK_CAPTURE_AUTORELEASING = YES;
				CLANG_WARN_BOOL_CONVERSION = YES;
				CLANG_WARN_COMMA = YES;
				CLANG_WARN_CONSTANT_CONVERSION = YES;
				CLANG_WARN_DEPRECATED_OBJC_IMPLEMENTATIONS = YES;
				CLANG_WARN_DIRECT_OBJC_ISA_USAGE = YES_ERROR;
				CLANG_WARN_DOCUMENTATION_COMMENTS = YES;
				CLANG_WARN_EMPTY_BODY = YES;
				CLANG_WARN_ENUM_CONVERSION = YES;
				CLANG_WARN_INFINITE_RECURSION = YES;
				CLANG_WARN_INT_CONVERSION = YES;
				CLANG_WARN_NON_LITERAL_NULL_CONVERSION = YES;
				CLANG_WARN_OBJC_IMPLICIT_RETAIN_SELF = YES;
				CLANG_WARN_OBJC_LITERAL_CONVERSION = YES;
				CLANG_WARN_OBJC_ROOT_CLASS = YES_ERROR;
				CLANG_WARN_RANGE_LOOP_ANALYSIS = YES;
				CLANG_WARN_STRICT_PROTOTYPES = YES;
				CLANG_WARN_SUSPICIOUS_MOVE = YES;
				CLANG_WARN_UNGUARDED_AVAILABILITY = YES_AGGRESSIVE;
				CLANG_WARN_UNREACHABLE_CODE = YES;
				CLANG_WARN__DUPLICATE_METHOD_MATCH = YES;
				COPY_PHASE_STRIP = NO;
				DEBUG_INFORMATION_FORMAT = "dwarf-with-dsym";
				ENABLE_NS_ASSERTIONS = NO;
				ENABLE_STRICT_OBJC_MSGSEND = YES;
				GCC_C_LANGUAGE_STANDARD = gnu11;
				GCC_NO_COMMON_BLOCKS = YES;
				GCC_WARN_64_TO_32_BIT_CONVERSION = YES;
				GCC_WARN_ABOUT_RETURN_TYPE = YES_ERROR;
				GCC_WARN_UNDECLARED_SELECTOR = YES;
				GCC_WARN_UNINITIALIZED_AUTOS = YES_AGGRESSIVE;
				GCC_WARN_UNUSED_FUNCTION = YES;
				GCC_WARN_UNUSED_VARIABLE = YES;
				IPHONEOS_DEPLOYMENT_TARGET = 13.5;
				MTL_ENABLE_DEBUG_INFO = NO;
				MTL_FAST_MATH = YES;
				SDKROOT = iphoneos;
				SWIFT_COMPILATION_MODE = wholemodule;
				SWIFT_OPTIMIZATION_LEVEL = "-O";
				VALIDATE_PRODUCT = YES;
			};
			name = Release;
		};
		E343842A24CD27700000628E /* Debug */ = {
			isa = XCBuildConfiguration;
			buildSettings = {
				ASSETCATALOG_COMPILER_APPICON_NAME = AppIcon;
				CODE_SIGN_STYLE = Automatic;
				DEVELOPMENT_ASSET_PATHS = "\"DesignCode/Preview Content\"";
				DEVELOPMENT_TEAM = QCPC6X86J6;
				ENABLE_PREVIEWS = YES;
				INFOPLIST_FILE = DesignCode/Info.plist;
				LD_RUNPATH_SEARCH_PATHS = (
					"$(inherited)",
					"@executable_path/Frameworks",
				);
				PRODUCT_BUNDLE_IDENTIFIER = com.tencent.DesignCode;
				PRODUCT_NAME = "$(TARGET_NAME)";
				SWIFT_VERSION = 5.0;
				TARGETED_DEVICE_FAMILY = "1,2";
			};
			name = Debug;
		};
		E343842B24CD27700000628E /* Release */ = {
			isa = XCBuildConfiguration;
			buildSettings = {
				ASSETCATALOG_COMPILER_APPICON_NAME = AppIcon;
				CODE_SIGN_STYLE = Automatic;
				DEVELOPMENT_ASSET_PATHS = "\"DesignCode/Preview Content\"";
				DEVELOPMENT_TEAM = QCPC6X86J6;
				ENABLE_PREVIEWS = YES;
				INFOPLIST_FILE = DesignCode/Info.plist;
				LD_RUNPATH_SEARCH_PATHS = (
					"$(inherited)",
					"@executable_path/Frameworks",
				);
				PRODUCT_BUNDLE_IDENTIFIER = com.tencent.DesignCode;
				PRODUCT_NAME = "$(TARGET_NAME)";
				SWIFT_VERSION = 5.0;
				TARGETED_DEVICE_FAMILY = "1,2";
			};
			name = Release;
		};
		E343842D24CD27700000628E /* Debug */ = {
			isa = XCBuildConfiguration;
			buildSettings = {
				ALWAYS_EMBED_SWIFT_STANDARD_LIBRARIES = YES;
				BUNDLE_LOADER = "$(TEST_HOST)";
				CODE_SIGN_STYLE = Automatic;
				DEVELOPMENT_TEAM = QCPC6X86J6;
				INFOPLIST_FILE = DesignCodeTests/Info.plist;
				IPHONEOS_DEPLOYMENT_TARGET = 13.5;
				LD_RUNPATH_SEARCH_PATHS = (
					"$(inherited)",
					"@executable_path/Frameworks",
					"@loader_path/Frameworks",
				);
				PRODUCT_BUNDLE_IDENTIFIER = com.tencent.DesignCodeTests;
				PRODUCT_NAME = "$(TARGET_NAME)";
				SWIFT_VERSION = 5.0;
				TARGETED_DEVICE_FAMILY = "1,2";
				TEST_HOST = "$(BUILT_PRODUCTS_DIR)/DesignCode.app/DesignCode";
			};
			name = Debug;
		};
		E343842E24CD27700000628E /* Release */ = {
			isa = XCBuildConfiguration;
			buildSettings = {
				ALWAYS_EMBED_SWIFT_STANDARD_LIBRARIES = YES;
				BUNDLE_LOADER = "$(TEST_HOST)";
				CODE_SIGN_STYLE = Automatic;
				DEVELOPMENT_TEAM = QCPC6X86J6;
				INFOPLIST_FILE = DesignCodeTests/Info.plist;
				IPHONEOS_DEPLOYMENT_TARGET = 13.5;
				LD_RUNPATH_SEARCH_PATHS = (
					"$(inherited)",
					"@executable_path/Frameworks",
					"@loader_path/Frameworks",
				);
				PRODUCT_BUNDLE_IDENTIFIER = com.tencent.DesignCodeTests;
				PRODUCT_NAME = "$(TARGET_NAME)";
				SWIFT_VERSION = 5.0;
				TARGETED_DEVICE_FAMILY = "1,2";
				TEST_HOST = "$(BUILT_PRODUCTS_DIR)/DesignCode.app/DesignCode";
			};
			name = Release;
		};
		E343843024CD27700000628E /* Debug */ = {
			isa = XCBuildConfiguration;
			buildSettings = {
				ALWAYS_EMBED_SWIFT_STANDARD_LIBRARIES = YES;
				CODE_SIGN_STYLE = Automatic;
				DEVELOPMENT_TEAM = QCPC6X86J6;
				INFOPLIST_FILE = DesignCodeUITests/Info.plist;
				LD_RUNPATH_SEARCH_PATHS = (
					"$(inherited)",
					"@executable_path/Frameworks",
					"@loader_path/Frameworks",
				);
				PRODUCT_BUNDLE_IDENTIFIER = com.tencent.DesignCodeUITests;
				PRODUCT_NAME = "$(TARGET_NAME)";
				SWIFT_VERSION = 5.0;
				TARGETED_DEVICE_FAMILY = "1,2";
				TEST_TARGET_NAME = DesignCode;
			};
			name = Debug;
		};
		E343843124CD27700000628E /* Release */ = {
			isa = XCBuildConfiguration;
			buildSettings = {
				ALWAYS_EMBED_SWIFT_STANDARD_LIBRARIES = YES;
				CODE_SIGN_STYLE = Automatic;
				DEVELOPMENT_TEAM = QCPC6X86J6;
				INFOPLIST_FILE = DesignCodeUITests/Info.plist;
				LD_RUNPATH_SEARCH_PATHS = (
					"$(inherited)",
					"@executable_path/Frameworks",
					"@loader_path/Frameworks",
				);
				PRODUCT_BUNDLE_IDENTIFIER = com.tencent.DesignCodeUITests;
				PRODUCT_NAME = "$(TARGET_NAME)";
				SWIFT_VERSION = 5.0;
				TARGETED_DEVICE_FAMILY = "1,2";
				TEST_TARGET_NAME = DesignCode;
			};
			name = Release;
		};
/* End XCBuildConfiguration section */

/* Begin XCConfigurationList section */
		E34383FA24CD276C0000628E /* Build configuration list for PBXProject "DesignCode" */ = {
			isa = XCConfigurationList;
			buildConfigurations = (
				E343842724CD27700000628E /* Debug */,
				E343842824CD27700000628E /* Release */,
			);
			defaultConfigurationIsVisible = 0;
			defaultConfigurationName = Release;
		};
		E343842924CD27700000628E /* Build configuration list for PBXNativeTarget "DesignCode" */ = {
			isa = XCConfigurationList;
			buildConfigurations = (
				E343842A24CD27700000628E /* Debug */,
				E343842B24CD27700000628E /* Release */,
			);
			defaultConfigurationIsVisible = 0;
			defaultConfigurationName = Release;
		};
		E343842C24CD27700000628E /* Build configuration list for PBXNativeTarget "DesignCodeTests" */ = {
			isa = XCConfigurationList;
			buildConfigurations = (
				E343842D24CD27700000628E /* Debug */,
				E343842E24CD27700000628E /* Release */,
			);
			defaultConfigurationIsVisible = 0;
			defaultConfigurationName = Release;
		};
		E343842F24CD27700000628E /* Build configuration list for PBXNativeTarget "DesignCodeUITests" */ = {
			isa = XCConfigurationList;
			buildConfigurations = (
				E343843024CD27700000628E /* Debug */,
				E343843124CD27700000628E /* Release */,
			);
			defaultConfigurationIsVisible = 0;
			defaultConfigurationName = Release;
		};
/* End XCConfigurationList section */
	};
	rootObject = E34383F724CD276C0000628E /* Project object */;
}
